// !$*UTF8*$!
{
	archiveVersion = 1;
	classes = {
	};
	objectVersion = 51;
	objects = {

/* Begin PBXBuildFile section */
		36C8EC1D2451741800CB20B0 /* AppDelegate.m in Sources */ = {isa = PBXBuildFile; fileRef = 36C8EC1C2451741800CB20B0 /* AppDelegate.m */; };
		36C8EC202451741800CB20B0 /* SceneDelegate.m in Sources */ = {isa = PBXBuildFile; fileRef = 36C8EC1F2451741800CB20B0 /* SceneDelegate.m */; };
		36C8EC232451741800CB20B0 /* ViewController.m in Sources */ = {isa = PBXBuildFile; fileRef = 36C8EC222451741800CB20B0 /* ViewController.m */; };
		36C8EC262451741800CB20B0 /* Main.storyboard in Resources */ = {isa = PBXBuildFile; fileRef = 36C8EC242451741800CB20B0 /* Main.storyboard */; };
		36C8EC282451741C00CB20B0 /* Assets.xcassets in Resources */ = {isa = PBXBuildFile; fileRef = 36C8EC272451741C00CB20B0 /* Assets.xcassets */; };
		36C8EC2B2451741C00CB20B0 /* LaunchScreen.storyboard in Resources */ = {isa = PBXBuildFile; fileRef = 36C8EC292451741C00CB20B0 /* LaunchScreen.storyboard */; };
		36C8EC2E2451741C00CB20B0 /* main.m in Sources */ = {isa = PBXBuildFile; fileRef = 36C8EC2D2451741C00CB20B0 /* main.m */; };
		36C8EC382451741C00CB20B0 /* InvertedDucklingTests.m in Sources */ = {isa = PBXBuildFile; fileRef = 36C8EC372451741C00CB20B0 /* InvertedDucklingTests.m */; };
		36C8EC432451741C00CB20B0 /* InvertedDucklingUITests.m in Sources */ = {isa = PBXBuildFile; fileRef = 36C8EC422451741C00CB20B0 /* InvertedDucklingUITests.m */; };
		36C8EC52245533A500CB20B0 /* DucklingView.m in Sources */ = {isa = PBXBuildFile; fileRef = 36C8EC51245533A500CB20B0 /* DucklingView.m */; };
		36C8EC5424557C9400CB20B0 /* demo.json in Resources */ = {isa = PBXBuildFile; fileRef = 36C8EC5324557C9400CB20B0 /* demo.json */; };
		36C8EC57245586B600CB20B0 /* UIColor+DD.m in Sources */ = {isa = PBXBuildFile; fileRef = 36C8EC56245586B600CB20B0 /* UIColor+DD.m */; };
		36C8EC5D2458284C00CB20B0 /* SystemConfiguration.framework in Frameworks */ = {isa = PBXBuildFile; fileRef = 36C8EC5C2458284C00CB20B0 /* SystemConfiguration.framework */; };
		36C8EC6624582C6800CB20B0 /* DucklingModel.m in Sources */ = {isa = PBXBuildFile; fileRef = 36C8EC6524582C6800CB20B0 /* DucklingModel.m */; };
		36C8EC7A245ABED800CB20B0 /* 思源宋体.ttc in Resources */ = {isa = PBXBuildFile; fileRef = 36C8EC74245ABED700CB20B0 /* 思源宋体.ttc */; };
		36C8EC7B245ABED800CB20B0 /* 锐字真言体.ttf in Resources */ = {isa = PBXBuildFile; fileRef = 36C8EC75245ABED700CB20B0 /* 锐字真言体.ttf */; };
		36C8EC7C245ABED800CB20B0 /* 思源黑体.otf in Resources */ = {isa = PBXBuildFile; fileRef = 36C8EC76245ABED700CB20B0 /* 思源黑体.otf */; };
		36C8EC7D245ABED800CB20B0 /* 站酷小薇LOGO体.otf in Resources */ = {isa = PBXBuildFile; fileRef = 36C8EC77245ABED800CB20B0 /* 站酷小薇LOGO体.otf */; };
		36C8EC7E245ABED800CB20B0 /* 庞门正道体.ttf in Resources */ = {isa = PBXBuildFile; fileRef = 36C8EC78245ABED800CB20B0 /* 庞门正道体.ttf */; };
		36C8EC7F245ABED800CB20B0 /* 站酷快乐体2016修订版.ttf in Resources */ = {isa = PBXBuildFile; fileRef = 36C8EC79245ABED800CB20B0 /* 站酷快乐体2016修订版.ttf */; };
		36C8ECC62462501300CB20B0 /* HappyZcool-2016.json in Resources */ = {isa = PBXBuildFile; fileRef = 36C8ECC52462501300CB20B0 /* HappyZcool-2016.json */; };
		36C8ECC82462501800CB20B0 /* text.json in Resources */ = {isa = PBXBuildFile; fileRef = 36C8ECC72462501800CB20B0 /* text.json */; };
		36C8ECCE246255C600CB20B0 /* SourceHanSerif-Heavy.json in Resources */ = {isa = PBXBuildFile; fileRef = 36C8ECC9246255C600CB20B0 /* SourceHanSerif-Heavy.json */; };
		36C8ECCF246255C600CB20B0 /* ZhenyanGB-Regular.json in Resources */ = {isa = PBXBuildFile; fileRef = 36C8ECCA246255C600CB20B0 /* ZhenyanGB-Regular.json */; };
		36C8ECD0246255C600CB20B0 /* xiaowei.json in Resources */ = {isa = PBXBuildFile; fileRef = 36C8ECCB246255C600CB20B0 /* xiaowei.json */; };
		36C8ECD1246255C600CB20B0 /* PangMenZhengDao.json in Resources */ = {isa = PBXBuildFile; fileRef = 36C8ECCC246255C600CB20B0 /* PangMenZhengDao.json */; };
		36C8ECD2246255C600CB20B0 /* SourceHanSansCN-Bold.json in Resources */ = {isa = PBXBuildFile; fileRef = 36C8ECCD246255C600CB20B0 /* SourceHanSansCN-Bold.json */; };
		41D8A117369F261DCFD58309 /* Pods_InvertedDuckling.framework in Frameworks */ = {isa = PBXBuildFile; fileRef = ACC175773BA0494B40C0016E /* Pods_InvertedDuckling.framework */; };
		66749D96F5EC58BBC06E5D62 /* Pods_InvertedDuckling_InvertedDucklingUITests.framework in Frameworks */ = {isa = PBXBuildFile; fileRef = F15ECA452DACACEB6BFF749B /* Pods_InvertedDuckling_InvertedDucklingUITests.framework */; };
		FF8CF25039ACF17E2EDF58B8 /* Pods_InvertedDucklingTests.framework in Frameworks */ = {isa = PBXBuildFile; fileRef = A7ED156128A50980D11ABA79 /* Pods_InvertedDucklingTests.framework */; };
/* End PBXBuildFile section */

/* Begin PBXContainerItemProxy section */
		36C8EC342451741C00CB20B0 /* PBXContainerItemProxy */ = {
			isa = PBXContainerItemProxy;
			containerPortal = 36C8EC102451741800CB20B0 /* Project object */;
			proxyType = 1;
			remoteGlobalIDString = 36C8EC172451741800CB20B0;
			remoteInfo = InvertedDuckling;
		};
		36C8EC3F2451741C00CB20B0 /* PBXContainerItemProxy */ = {
			isa = PBXContainerItemProxy;
			containerPortal = 36C8EC102451741800CB20B0 /* Project object */;
			proxyType = 1;
			remoteGlobalIDString = 36C8EC172451741800CB20B0;
			remoteInfo = InvertedDuckling;
		};
/* End PBXContainerItemProxy section */

/* Begin PBXFileReference section */
		0AB9E534684CB520E4F6DA00 /* Pods-InvertedDuckling-InvertedDucklingUITests.debug.xcconfig */ = {isa = PBXFileReference; includeInIndex = 1; lastKnownFileType = text.xcconfig; name = "Pods-InvertedDuckling-InvertedDucklingUITests.debug.xcconfig"; path = "Target Support Files/Pods-InvertedDuckling-InvertedDucklingUITests/Pods-InvertedDuckling-InvertedDucklingUITests.debug.xcconfig"; sourceTree = "<group>"; };
		36C8EC182451741800CB20B0 /* InvertedDuckling.app */ = {isa = PBXFileReference; explicitFileType = wrapper.application; includeInIndex = 0; path = InvertedDuckling.app; sourceTree = BUILT_PRODUCTS_DIR; };
		36C8EC1B2451741800CB20B0 /* AppDelegate.h */ = {isa = PBXFileReference; lastKnownFileType = sourcecode.c.h; path = AppDelegate.h; sourceTree = "<group>"; };
		36C8EC1C2451741800CB20B0 /* AppDelegate.m */ = {isa = PBXFileReference; lastKnownFileType = sourcecode.c.objc; path = AppDelegate.m; sourceTree = "<group>"; };
		36C8EC1E2451741800CB20B0 /* SceneDelegate.h */ = {isa = PBXFileReference; lastKnownFileType = sourcecode.c.h; path = SceneDelegate.h; sourceTree = "<group>"; };
		36C8EC1F2451741800CB20B0 /* SceneDelegate.m */ = {isa = PBXFileReference; lastKnownFileType = sourcecode.c.objc; path = SceneDelegate.m; sourceTree = "<group>"; };
		36C8EC212451741800CB20B0 /* ViewController.h */ = {isa = PBXFileReference; lastKnownFileType = sourcecode.c.h; path = ViewController.h; sourceTree = "<group>"; };
		36C8EC222451741800CB20B0 /* ViewController.m */ = {isa = PBXFileReference; lastKnownFileType = sourcecode.c.objc; path = ViewController.m; sourceTree = "<group>"; };
		36C8EC252451741800CB20B0 /* Base */ = {isa = PBXFileReference; lastKnownFileType = file.storyboard; name = Base; path = Base.lproj/Main.storyboard; sourceTree = "<group>"; };
		36C8EC272451741C00CB20B0 /* Assets.xcassets */ = {isa = PBXFileReference; lastKnownFileType = folder.assetcatalog; path = Assets.xcassets; sourceTree = "<group>"; };
		36C8EC2A2451741C00CB20B0 /* Base */ = {isa = PBXFileReference; lastKnownFileType = file.storyboard; name = Base; path = Base.lproj/LaunchScreen.storyboard; sourceTree = "<group>"; };
		36C8EC2C2451741C00CB20B0 /* Info.plist */ = {isa = PBXFileReference; lastKnownFileType = text.plist.xml; path = Info.plist; sourceTree = "<group>"; };
		36C8EC2D2451741C00CB20B0 /* main.m */ = {isa = PBXFileReference; lastKnownFileType = sourcecode.c.objc; path = main.m; sourceTree = "<group>"; };
		36C8EC332451741C00CB20B0 /* InvertedDucklingTests.xctest */ = {isa = PBXFileReference; explicitFileType = wrapper.cfbundle; includeInIndex = 0; path = InvertedDucklingTests.xctest; sourceTree = BUILT_PRODUCTS_DIR; };
		36C8EC372451741C00CB20B0 /* InvertedDucklingTests.m */ = {isa = PBXFileReference; lastKnownFileType = sourcecode.c.objc; path = InvertedDucklingTests.m; sourceTree = "<group>"; };
		36C8EC392451741C00CB20B0 /* Info.plist */ = {isa = PBXFileReference; lastKnownFileType = text.plist.xml; path = Info.plist; sourceTree = "<group>"; };
		36C8EC3E2451741C00CB20B0 /* InvertedDucklingUITests.xctest */ = {isa = PBXFileReference; explicitFileType = wrapper.cfbundle; includeInIndex = 0; path = InvertedDucklingUITests.xctest; sourceTree = BUILT_PRODUCTS_DIR; };
		36C8EC422451741C00CB20B0 /* InvertedDucklingUITests.m */ = {isa = PBXFileReference; lastKnownFileType = sourcecode.c.objc; path = InvertedDucklingUITests.m; sourceTree = "<group>"; };
		36C8EC442451741C00CB20B0 /* Info.plist */ = {isa = PBXFileReference; lastKnownFileType = text.plist.xml; path = Info.plist; sourceTree = "<group>"; };
		36C8EC50245533A500CB20B0 /* DucklingView.h */ = {isa = PBXFileReference; lastKnownFileType = sourcecode.c.h; path = DucklingView.h; sourceTree = "<group>"; };
		36C8EC51245533A500CB20B0 /* DucklingView.m */ = {isa = PBXFileReference; lastKnownFileType = sourcecode.c.objc; path = DucklingView.m; sourceTree = "<group>"; };
		36C8EC5324557C9400CB20B0 /* demo.json */ = {isa = PBXFileReference; fileEncoding = 4; lastKnownFileType = text.json; path = demo.json; sourceTree = "<group>"; };
		36C8EC55245586B600CB20B0 /* UIColor+DD.h */ = {isa = PBXFileReference; lastKnownFileType = sourcecode.c.h; path = "UIColor+DD.h"; sourceTree = "<group>"; };
		36C8EC56245586B600CB20B0 /* UIColor+DD.m */ = {isa = PBXFileReference; lastKnownFileType = sourcecode.c.objc; path = "UIColor+DD.m"; sourceTree = "<group>"; };
		36C8EC582455870800CB20B0 /* PrefixHeader.pch */ = {isa = PBXFileReference; lastKnownFileType = sourcecode.c.h; path = PrefixHeader.pch; sourceTree = "<group>"; };
		36C8EC5C2458284C00CB20B0 /* SystemConfiguration.framework */ = {isa = PBXFileReference; lastKnownFileType = wrapper.framework; name = SystemConfiguration.framework; path = System/Library/Frameworks/SystemConfiguration.framework; sourceTree = SDKROOT; };
		36C8EC6424582C6800CB20B0 /* DucklingModel.h */ = {isa = PBXFileReference; lastKnownFileType = sourcecode.c.h; path = DucklingModel.h; sourceTree = "<group>"; };
		36C8EC6524582C6800CB20B0 /* DucklingModel.m */ = {isa = PBXFileReference; lastKnownFileType = sourcecode.c.objc; path = DucklingModel.m; sourceTree = "<group>"; };
		36C8EC74245ABED700CB20B0 /* 思源宋体.ttc */ = {isa = PBXFileReference; lastKnownFileType = file; path = "思源宋体.ttc"; sourceTree = "<group>"; };
		36C8EC75245ABED700CB20B0 /* 锐字真言体.ttf */ = {isa = PBXFileReference; lastKnownFileType = file; path = "锐字真言体.ttf"; sourceTree = "<group>"; };
		36C8EC76245ABED700CB20B0 /* 思源黑体.otf */ = {isa = PBXFileReference; lastKnownFileType = file; path = "思源黑体.otf"; sourceTree = "<group>"; };
		36C8EC77245ABED800CB20B0 /* 站酷小薇LOGO体.otf */ = {isa = PBXFileReference; lastKnownFileType = file; path = "站酷小薇LOGO体.otf"; sourceTree = "<group>"; };
		36C8EC78245ABED800CB20B0 /* 庞门正道体.ttf */ = {isa = PBXFileReference; lastKnownFileType = file; path = "庞门正道体.ttf"; sourceTree = "<group>"; };
		36C8EC79245ABED800CB20B0 /* 站酷快乐体2016修订版.ttf */ = {isa = PBXFileReference; lastKnownFileType = file; path = "站酷快乐体2016修订版.ttf"; sourceTree = "<group>"; };
		36C8ECC52462501300CB20B0 /* HappyZcool-2016.json */ = {isa = PBXFileReference; fileEncoding = 4; lastKnownFileType = text.json; path = "HappyZcool-2016.json"; sourceTree = "<group>"; };
		36C8ECC72462501800CB20B0 /* text.json */ = {isa = PBXFileReference; fileEncoding = 4; lastKnownFileType = text.json; path = text.json; sourceTree = "<group>"; };
		36C8ECC9246255C600CB20B0 /* SourceHanSerif-Heavy.json */ = {isa = PBXFileReference; fileEncoding = 4; lastKnownFileType = text.json; path = "SourceHanSerif-Heavy.json"; sourceTree = "<group>"; };
		36C8ECCA246255C600CB20B0 /* ZhenyanGB-Regular.json */ = {isa = PBXFileReference; fileEncoding = 4; lastKnownFileType = text.json; path = "ZhenyanGB-Regular.json"; sourceTree = "<group>"; };
		36C8ECCB246255C600CB20B0 /* xiaowei.json */ = {isa = PBXFileReference; fileEncoding = 4; lastKnownFileType = text.json; path = xiaowei.json; sourceTree = "<group>"; };
		36C8ECCC246255C600CB20B0 /* PangMenZhengDao.json */ = {isa = PBXFileReference; fileEncoding = 4; lastKnownFileType = text.json; path = PangMenZhengDao.json; sourceTree = "<group>"; };
		36C8ECCD246255C600CB20B0 /* SourceHanSansCN-Bold.json */ = {isa = PBXFileReference; fileEncoding = 4; lastKnownFileType = text.json; path = "SourceHanSansCN-Bold.json"; sourceTree = "<group>"; };
		6265E0BFC227FFA211C91716 /* Pods-InvertedDuckling-InvertedDucklingUITests.release.xcconfig */ = {isa = PBXFileReference; includeInIndex = 1; lastKnownFileType = text.xcconfig; name = "Pods-InvertedDuckling-InvertedDucklingUITests.release.xcconfig"; path = "Target Support Files/Pods-InvertedDuckling-InvertedDucklingUITests/Pods-InvertedDuckling-InvertedDucklingUITests.release.xcconfig"; sourceTree = "<group>"; };
		626C6287F428503D534BD9A6 /* Pods-InvertedDucklingTests.release.xcconfig */ = {isa = PBXFileReference; includeInIndex = 1; lastKnownFileType = text.xcconfig; name = "Pods-InvertedDucklingTests.release.xcconfig"; path = "Target Support Files/Pods-InvertedDucklingTests/Pods-InvertedDucklingTests.release.xcconfig"; sourceTree = "<group>"; };
		79BE51A013E64CE732927D13 /* Pods-InvertedDuckling.release.xcconfig */ = {isa = PBXFileReference; includeInIndex = 1; lastKnownFileType = text.xcconfig; name = "Pods-InvertedDuckling.release.xcconfig"; path = "Target Support Files/Pods-InvertedDuckling/Pods-InvertedDuckling.release.xcconfig"; sourceTree = "<group>"; };
		A7ED156128A50980D11ABA79 /* Pods_InvertedDucklingTests.framework */ = {isa = PBXFileReference; explicitFileType = wrapper.framework; includeInIndex = 0; path = Pods_InvertedDucklingTests.framework; sourceTree = BUILT_PRODUCTS_DIR; };
		ACC175773BA0494B40C0016E /* Pods_InvertedDuckling.framework */ = {isa = PBXFileReference; explicitFileType = wrapper.framework; includeInIndex = 0; path = Pods_InvertedDuckling.framework; sourceTree = BUILT_PRODUCTS_DIR; };
		D68DFA6978EE5BEBFB7E6D04 /* Pods-InvertedDucklingTests.debug.xcconfig */ = {isa = PBXFileReference; includeInIndex = 1; lastKnownFileType = text.xcconfig; name = "Pods-InvertedDucklingTests.debug.xcconfig"; path = "Target Support Files/Pods-InvertedDucklingTests/Pods-InvertedDucklingTests.debug.xcconfig"; sourceTree = "<group>"; };
		F15ECA452DACACEB6BFF749B /* Pods_InvertedDuckling_InvertedDucklingUITests.framework */ = {isa = PBXFileReference; explicitFileType = wrapper.framework; includeInIndex = 0; path = Pods_InvertedDuckling_InvertedDucklingUITests.framework; sourceTree = BUILT_PRODUCTS_DIR; };
		F201F5171A0BA77A26D22ABC /* Pods-InvertedDuckling.debug.xcconfig */ = {isa = PBXFileReference; includeInIndex = 1; lastKnownFileType = text.xcconfig; name = "Pods-InvertedDuckling.debug.xcconfig"; path = "Target Support Files/Pods-InvertedDuckling/Pods-InvertedDuckling.debug.xcconfig"; sourceTree = "<group>"; };
/* End PBXFileReference section */

/* Begin PBXFrameworksBuildPhase section */
		36C8EC152451741800CB20B0 /* Frameworks */ = {
			isa = PBXFrameworksBuildPhase;
			buildActionMask = 2147483647;
			files = (
				36C8EC5D2458284C00CB20B0 /* SystemConfiguration.framework in Frameworks */,
				41D8A117369F261DCFD58309 /* Pods_InvertedDuckling.framework in Frameworks */,
			);
			runOnlyForDeploymentPostprocessing = 0;
		};
		36C8EC302451741C00CB20B0 /* Frameworks */ = {
			isa = PBXFrameworksBuildPhase;
			buildActionMask = 2147483647;
			files = (
				FF8CF25039ACF17E2EDF58B8 /* Pods_InvertedDucklingTests.framework in Frameworks */,
			);
			runOnlyForDeploymentPostprocessing = 0;
		};
		36C8EC3B2451741C00CB20B0 /* Frameworks */ = {
			isa = PBXFrameworksBuildPhase;
			buildActionMask = 2147483647;
			files = (
				66749D96F5EC58BBC06E5D62 /* Pods_InvertedDuckling_InvertedDucklingUITests.framework in Frameworks */,
			);
			runOnlyForDeploymentPostprocessing = 0;
		};
/* End PBXFrameworksBuildPhase section */

/* Begin PBXGroup section */
		36C8EC0F2451741800CB20B0 = {
			isa = PBXGroup;
			children = (
				36C8EC582455870800CB20B0 /* PrefixHeader.pch */,
				36C8EC1A2451741800CB20B0 /* InvertedDuckling */,
				36C8EC362451741C00CB20B0 /* InvertedDucklingTests */,
				36C8EC412451741C00CB20B0 /* InvertedDucklingUITests */,
				36C8EC192451741800CB20B0 /* Products */,
				36C8EC5B2458284C00CB20B0 /* Frameworks */,
				76E9D6E7E255AF62394A8299 /* Pods */,
			);
			sourceTree = "<group>";
		};
		36C8EC192451741800CB20B0 /* Products */ = {
			isa = PBXGroup;
			children = (
				36C8EC182451741800CB20B0 /* InvertedDuckling.app */,
				36C8EC332451741C00CB20B0 /* InvertedDucklingTests.xctest */,
				36C8EC3E2451741C00CB20B0 /* InvertedDucklingUITests.xctest */,
			);
			name = Products;
			sourceTree = "<group>";
		};
		36C8EC1A2451741800CB20B0 /* InvertedDuckling */ = {
			isa = PBXGroup;
			children = (
				36C8ECCC246255C600CB20B0 /* PangMenZhengDao.json */,
				36C8ECCD246255C600CB20B0 /* SourceHanSansCN-Bold.json */,
				36C8ECC9246255C600CB20B0 /* SourceHanSerif-Heavy.json */,
				36C8ECCB246255C600CB20B0 /* xiaowei.json */,
				36C8ECCA246255C600CB20B0 /* ZhenyanGB-Regular.json */,
				36C8ECC52462501300CB20B0 /* HappyZcool-2016.json */,
				36C8ECC72462501800CB20B0 /* text.json */,
				36C8EC5324557C9400CB20B0 /* demo.json */,
				36C8EC50245533A500CB20B0 /* DucklingView.h */,
				36C8EC51245533A500CB20B0 /* DucklingView.m */,
				36C8EC6424582C6800CB20B0 /* DucklingModel.h */,
				36C8EC6524582C6800CB20B0 /* DucklingModel.m */,
				36C8EC212451741800CB20B0 /* ViewController.h */,
				36C8EC222451741800CB20B0 /* ViewController.m */,
				36C8EC1B2451741800CB20B0 /* AppDelegate.h */,
				36C8EC1C2451741800CB20B0 /* AppDelegate.m */,
				36C8EC1E2451741800CB20B0 /* SceneDelegate.h */,
				36C8EC1F2451741800CB20B0 /* SceneDelegate.m */,
				36C8EC78245ABED800CB20B0 /* 庞门正道体.ttf */,
				36C8EC74245ABED700CB20B0 /* 思源宋体.ttc */,
				36C8EC76245ABED700CB20B0 /* 思源黑体.otf */,
				36C8EC77245ABED800CB20B0 /* 站酷小薇LOGO体.otf */,
				36C8EC79245ABED800CB20B0 /* 站酷快乐体2016修订版.ttf */,
				36C8EC75245ABED700CB20B0 /* 锐字真言体.ttf */,
				36C8EC242451741800CB20B0 /* Main.storyboard */,
				36C8EC272451741C00CB20B0 /* Assets.xcassets */,
				36C8EC292451741C00CB20B0 /* LaunchScreen.storyboard */,
				36C8EC2C2451741C00CB20B0 /* Info.plist */,
				36C8EC2D2451741C00CB20B0 /* main.m */,
				36C8EC55245586B600CB20B0 /* UIColor+DD.h */,
				36C8EC56245586B600CB20B0 /* UIColor+DD.m */,
			);
			path = InvertedDuckling;
			sourceTree = "<group>";
		};
		36C8EC362451741C00CB20B0 /* InvertedDucklingTests */ = {
			isa = PBXGroup;
			children = (
				36C8EC372451741C00CB20B0 /* InvertedDucklingTests.m */,
				36C8EC392451741C00CB20B0 /* Info.plist */,
			);
			path = InvertedDucklingTests;
			sourceTree = "<group>";
		};
		36C8EC412451741C00CB20B0 /* InvertedDucklingUITests */ = {
			isa = PBXGroup;
			children = (
				36C8EC422451741C00CB20B0 /* InvertedDucklingUITests.m */,
				36C8EC442451741C00CB20B0 /* Info.plist */,
			);
			path = InvertedDucklingUITests;
			sourceTree = "<group>";
		};
		36C8EC5B2458284C00CB20B0 /* Frameworks */ = {
			isa = PBXGroup;
			children = (
				36C8EC5C2458284C00CB20B0 /* SystemConfiguration.framework */,
				ACC175773BA0494B40C0016E /* Pods_InvertedDuckling.framework */,
				F15ECA452DACACEB6BFF749B /* Pods_InvertedDuckling_InvertedDucklingUITests.framework */,
				A7ED156128A50980D11ABA79 /* Pods_InvertedDucklingTests.framework */,
			);
			name = Frameworks;
			sourceTree = "<group>";
		};
		76E9D6E7E255AF62394A8299 /* Pods */ = {
			isa = PBXGroup;
			children = (
				F201F5171A0BA77A26D22ABC /* Pods-InvertedDuckling.debug.xcconfig */,
				79BE51A013E64CE732927D13 /* Pods-InvertedDuckling.release.xcconfig */,
				0AB9E534684CB520E4F6DA00 /* Pods-InvertedDuckling-InvertedDucklingUITests.debug.xcconfig */,
				6265E0BFC227FFA211C91716 /* Pods-InvertedDuckling-InvertedDucklingUITests.release.xcconfig */,
				D68DFA6978EE5BEBFB7E6D04 /* Pods-InvertedDucklingTests.debug.xcconfig */,
				626C6287F428503D534BD9A6 /* Pods-InvertedDucklingTests.release.xcconfig */,
			);
			path = Pods;
			sourceTree = "<group>";
		};
/* End PBXGroup section */

/* Begin PBXNativeTarget section */
		36C8EC172451741800CB20B0 /* InvertedDuckling */ = {
			isa = PBXNativeTarget;
			buildConfigurationList = 36C8EC472451741C00CB20B0 /* Build configuration list for PBXNativeTarget "InvertedDuckling" */;
			buildPhases = (
				BD34F93F40B851619DDCAD94 /* [CP] Check Pods Manifest.lock */,
				36C8EC142451741800CB20B0 /* Sources */,
				36C8EC152451741800CB20B0 /* Frameworks */,
				36C8EC162451741800CB20B0 /* Resources */,
				409ACE495138BB87FB9DA1F2 /* [CP] Embed Pods Frameworks */,
			);
			buildRules = (
			);
			dependencies = (
			);
			name = InvertedDuckling;
			productName = InvertedDuckling;
			productReference = 36C8EC182451741800CB20B0 /* InvertedDuckling.app */;
			productType = "com.apple.product-type.application";
		};
		36C8EC322451741C00CB20B0 /* InvertedDucklingTests */ = {
			isa = PBXNativeTarget;
			buildConfigurationList = 36C8EC4A2451741C00CB20B0 /* Build configuration list for PBXNativeTarget "InvertedDucklingTests" */;
			buildPhases = (
				E9E3BADB34B1653FD554BAA3 /* [CP] Check Pods Manifest.lock */,
				36C8EC2F2451741C00CB20B0 /* Sources */,
				36C8EC302451741C00CB20B0 /* Frameworks */,
				36C8EC312451741C00CB20B0 /* Resources */,
			);
			buildRules = (
			);
			dependencies = (
				36C8EC352451741C00CB20B0 /* PBXTargetDependency */,
			);
			name = InvertedDucklingTests;
			productName = InvertedDucklingTests;
			productReference = 36C8EC332451741C00CB20B0 /* InvertedDucklingTests.xctest */;
			productType = "com.apple.product-type.bundle.unit-test";
		};
		36C8EC3D2451741C00CB20B0 /* InvertedDucklingUITests */ = {
			isa = PBXNativeTarget;
			buildConfigurationList = 36C8EC4D2451741C00CB20B0 /* Build configuration list for PBXNativeTarget "InvertedDucklingUITests" */;
			buildPhases = (
				73D9F0D194DD50DB13AF7696 /* [CP] Check Pods Manifest.lock */,
				36C8EC3A2451741C00CB20B0 /* Sources */,
				36C8EC3B2451741C00CB20B0 /* Frameworks */,
				36C8EC3C2451741C00CB20B0 /* Resources */,
				7684AB7023D2FE55ECF0A16F /* [CP] Embed Pods Frameworks */,
			);
			buildRules = (
			);
			dependencies = (
				36C8EC402451741C00CB20B0 /* PBXTargetDependency */,
			);
			name = InvertedDucklingUITests;
			productName = InvertedDucklingUITests;
			productReference = 36C8EC3E2451741C00CB20B0 /* InvertedDucklingUITests.xctest */;
			productType = "com.apple.product-type.bundle.ui-testing";
		};
/* End PBXNativeTarget section */

/* Begin PBXProject section */
		36C8EC102451741800CB20B0 /* Project object */ = {
			isa = PBXProject;
			attributes = {
				LastUpgradeCheck = 1140;
				ORGANIZATIONNAME = donbe;
				TargetAttributes = {
					36C8EC172451741800CB20B0 = {
						CreatedOnToolsVersion = 11.4.1;
					};
					36C8EC322451741C00CB20B0 = {
						CreatedOnToolsVersion = 11.4.1;
						TestTargetID = 36C8EC172451741800CB20B0;
					};
					36C8EC3D2451741C00CB20B0 = {
						CreatedOnToolsVersion = 11.4.1;
						TestTargetID = 36C8EC172451741800CB20B0;
					};
				};
			};
			buildConfigurationList = 36C8EC132451741800CB20B0 /* Build configuration list for PBXProject "InvertedDuckling" */;
			compatibilityVersion = "Xcode 9.3";
			developmentRegion = en;
			hasScannedForEncodings = 0;
			knownRegions = (
				en,
				Base,
			);
			mainGroup = 36C8EC0F2451741800CB20B0;
			productRefGroup = 36C8EC192451741800CB20B0 /* Products */;
			projectDirPath = "";
			projectRoot = "";
			targets = (
				36C8EC172451741800CB20B0 /* InvertedDuckling */,
				36C8EC322451741C00CB20B0 /* InvertedDucklingTests */,
				36C8EC3D2451741C00CB20B0 /* InvertedDucklingUITests */,
			);
		};
/* End PBXProject section */

/* Begin PBXResourcesBuildPhase section */
		36C8EC162451741800CB20B0 /* Resources */ = {
			isa = PBXResourcesBuildPhase;
			buildActionMask = 2147483647;
			files = (
				36C8ECC62462501300CB20B0 /* HappyZcool-2016.json in Resources */,
				36C8EC2B2451741C00CB20B0 /* LaunchScreen.storyboard in Resources */,
				36C8ECD1246255C600CB20B0 /* PangMenZhengDao.json in Resources */,
				36C8ECC82462501800CB20B0 /* text.json in Resources */,
				36C8EC282451741C00CB20B0 /* Assets.xcassets in Resources */,
				36C8EC7B245ABED800CB20B0 /* 锐字真言体.ttf in Resources */,
				36C8ECD0246255C600CB20B0 /* xiaowei.json in Resources */,
				36C8EC7E245ABED800CB20B0 /* 庞门正道体.ttf in Resources */,
				36C8EC7C245ABED800CB20B0 /* 思源黑体.otf in Resources */,
				36C8ECCF246255C600CB20B0 /* ZhenyanGB-Regular.json in Resources */,
				36C8ECD2246255C600CB20B0 /* SourceHanSansCN-Bold.json in Resources */,
				36C8EC5424557C9400CB20B0 /* demo.json in Resources */,
				36C8ECCE246255C600CB20B0 /* SourceHanSerif-Heavy.json in Resources */,
				36C8EC7A245ABED800CB20B0 /* 思源宋体.ttc in Resources */,
				36C8EC7F245ABED800CB20B0 /* 站酷快乐体2016修订版.ttf in Resources */,
				36C8EC7D245ABED800CB20B0 /* 站酷小薇LOGO体.otf in Resources */,
				36C8EC262451741800CB20B0 /* Main.storyboard in Resources */,
			);
			runOnlyForDeploymentPostprocessing = 0;
		};
		36C8EC312451741C00CB20B0 /* Resources */ = {
			isa = PBXResourcesBuildPhase;
			buildActionMask = 2147483647;
			files = (
			);
			runOnlyForDeploymentPostprocessing = 0;
		};
		36C8EC3C2451741C00CB20B0 /* Resources */ = {
			isa = PBXResourcesBuildPhase;
			buildActionMask = 2147483647;
			files = (
			);
			runOnlyForDeploymentPostprocessing = 0;
		};
/* End PBXResourcesBuildPhase section */

/* Begin PBXShellScriptBuildPhase section */
		409ACE495138BB87FB9DA1F2 /* [CP] Embed Pods Frameworks */ = {
			isa = PBXShellScriptBuildPhase;
			buildActionMask = 2147483647;
			files = (
			);
			inputFileListPaths = (
				"${PODS_ROOT}/Target Support Files/Pods-InvertedDuckling/Pods-InvertedDuckling-frameworks-${CONFIGURATION}-input-files.xcfilelist",
			);
			name = "[CP] Embed Pods Frameworks";
			outputFileListPaths = (
				"${PODS_ROOT}/Target Support Files/Pods-InvertedDuckling/Pods-InvertedDuckling-frameworks-${CONFIGURATION}-output-files.xcfilelist",
			);
			runOnlyForDeploymentPostprocessing = 0;
			shellPath = /bin/sh;
			shellScript = "\"${PODS_ROOT}/Target Support Files/Pods-InvertedDuckling/Pods-InvertedDuckling-frameworks.sh\"\n";
			showEnvVarsInLog = 0;
		};
		73D9F0D194DD50DB13AF7696 /* [CP] Check Pods Manifest.lock */ = {
			isa = PBXShellScriptBuildPhase;
			buildActionMask = 2147483647;
			files = (
			);
			inputFileListPaths = (
			);
			inputPaths = (
				"${PODS_PODFILE_DIR_PATH}/Podfile.lock",
				"${PODS_ROOT}/Manifest.lock",
			);
			name = "[CP] Check Pods Manifest.lock";
			outputFileListPaths = (
			);
			outputPaths = (
				"$(DERIVED_FILE_DIR)/Pods-InvertedDuckling-InvertedDucklingUITests-checkManifestLockResult.txt",
			);
			runOnlyForDeploymentPostprocessing = 0;
			shellPath = /bin/sh;
			shellScript = "diff \"${PODS_PODFILE_DIR_PATH}/Podfile.lock\" \"${PODS_ROOT}/Manifest.lock\" > /dev/null\nif [ $? != 0 ] ; then\n    # print error to STDERR\n    echo \"error: The sandbox is not in sync with the Podfile.lock. Run 'pod install' or update your CocoaPods installation.\" >&2\n    exit 1\nfi\n# This output is used by Xcode 'outputs' to avoid re-running this script phase.\necho \"SUCCESS\" > \"${SCRIPT_OUTPUT_FILE_0}\"\n";
			showEnvVarsInLog = 0;
		};
		7684AB7023D2FE55ECF0A16F /* [CP] Embed Pods Frameworks */ = {
			isa = PBXShellScriptBuildPhase;
			buildActionMask = 2147483647;
			files = (
			);
			inputFileListPaths = (
				"${PODS_ROOT}/Target Support Files/Pods-InvertedDuckling-InvertedDucklingUITests/Pods-InvertedDuckling-InvertedDucklingUITests-frameworks-${CONFIGURATION}-input-files.xcfilelist",
			);
			name = "[CP] Embed Pods Frameworks";
			outputFileListPaths = (
				"${PODS_ROOT}/Target Support Files/Pods-InvertedDuckling-InvertedDucklingUITests/Pods-InvertedDuckling-InvertedDucklingUITests-frameworks-${CONFIGURATION}-output-files.xcfilelist",
			);
			runOnlyForDeploymentPostprocessing = 0;
			shellPath = /bin/sh;
			shellScript = "\"${PODS_ROOT}/Target Support Files/Pods-InvertedDuckling-InvertedDucklingUITests/Pods-InvertedDuckling-InvertedDucklingUITests-frameworks.sh\"\n";
			showEnvVarsInLog = 0;
		};
		BD34F93F40B851619DDCAD94 /* [CP] Check Pods Manifest.lock */ = {
			isa = PBXShellScriptBuildPhase;
			buildActionMask = 2147483647;
			files = (
			);
			inputFileListPaths = (
			);
			inputPaths = (
				"${PODS_PODFILE_DIR_PATH}/Podfile.lock",
				"${PODS_ROOT}/Manifest.lock",
			);
			name = "[CP] Check Pods Manifest.lock";
			outputFileListPaths = (
			);
			outputPaths = (
				"$(DERIVED_FILE_DIR)/Pods-InvertedDuckling-checkManifestLockResult.txt",
			);
			runOnlyForDeploymentPostprocessing = 0;
			shellPath = /bin/sh;
			shellScript = "diff \"${PODS_PODFILE_DIR_PATH}/Podfile.lock\" \"${PODS_ROOT}/Manifest.lock\" > /dev/null\nif [ $? != 0 ] ; then\n    # print error to STDERR\n    echo \"error: The sandbox is not in sync with the Podfile.lock. Run 'pod install' or update your CocoaPods installation.\" >&2\n    exit 1\nfi\n# This output is used by Xcode 'outputs' to avoid re-running this script phase.\necho \"SUCCESS\" > \"${SCRIPT_OUTPUT_FILE_0}\"\n";
			showEnvVarsInLog = 0;
		};
		E9E3BADB34B1653FD554BAA3 /* [CP] Check Pods Manifest.lock */ = {
			isa = PBXShellScriptBuildPhase;
			buildActionMask = 2147483647;
			files = (
			);
			inputFileListPaths = (
			);
			inputPaths = (
				"${PODS_PODFILE_DIR_PATH}/Podfile.lock",
				"${PODS_ROOT}/Manifest.lock",
			);
			name = "[CP] Check Pods Manifest.lock";
			outputFileListPaths = (
			);
			outputPaths = (
				"$(DERIVED_FILE_DIR)/Pods-InvertedDucklingTests-checkManifestLockResult.txt",
			);
			runOnlyForDeploymentPostprocessing = 0;
			shellPath = /bin/sh;
			shellScript = "diff \"${PODS_PODFILE_DIR_PATH}/Podfile.lock\" \"${PODS_ROOT}/Manifest.lock\" > /dev/null\nif [ $? != 0 ] ; then\n    # print error to STDERR\n    echo \"error: The sandbox is not in sync with the Podfile.lock. Run 'pod install' or update your CocoaPods installation.\" >&2\n    exit 1\nfi\n# This output is used by Xcode 'outputs' to avoid re-running this script phase.\necho \"SUCCESS\" > \"${SCRIPT_OUTPUT_FILE_0}\"\n";
			showEnvVarsInLog = 0;
		};
/* End PBXShellScriptBuildPhase section */

/* Begin PBXSourcesBuildPhase section */
		36C8EC142451741800CB20B0 /* Sources */ = {
			isa = PBXSourcesBuildPhase;
			buildActionMask = 2147483647;
			files = (
				36C8EC232451741800CB20B0 /* ViewController.m in Sources */,
				36C8EC1D2451741800CB20B0 /* AppDelegate.m in Sources */,
				36C8EC2E2451741C00CB20B0 /* main.m in Sources */,
				36C8EC57245586B600CB20B0 /* UIColor+DD.m in Sources */,
				36C8EC202451741800CB20B0 /* SceneDelegate.m in Sources */,
				36C8EC52245533A500CB20B0 /* DucklingView.m in Sources */,
				36C8EC6624582C6800CB20B0 /* DucklingModel.m in Sources */,
			);
			runOnlyForDeploymentPostprocessing = 0;
		};
		36C8EC2F2451741C00CB20B0 /* Sources */ = {
			isa = PBXSourcesBuildPhase;
			buildActionMask = 2147483647;
			files = (
				36C8EC382451741C00CB20B0 /* InvertedDucklingTests.m in Sources */,
			);
			runOnlyForDeploymentPostprocessing = 0;
		};
		36C8EC3A2451741C00CB20B0 /* Sources */ = {
			isa = PBXSourcesBuildPhase;
			buildActionMask = 2147483647;
			files = (
				36C8EC432451741C00CB20B0 /* InvertedDucklingUITests.m in Sources */,
			);
			runOnlyForDeploymentPostprocessing = 0;
		};
/* End PBXSourcesBuildPhase section */

/* Begin PBXTargetDependency section */
		36C8EC352451741C00CB20B0 /* PBXTargetDependency */ = {
			isa = PBXTargetDependency;
			target = 36C8EC172451741800CB20B0 /* InvertedDuckling */;
			targetProxy = 36C8EC342451741C00CB20B0 /* PBXContainerItemProxy */;
		};
		36C8EC402451741C00CB20B0 /* PBXTargetDependency */ = {
			isa = PBXTargetDependency;
			target = 36C8EC172451741800CB20B0 /* InvertedDuckling */;
			targetProxy = 36C8EC3F2451741C00CB20B0 /* PBXContainerItemProxy */;
		};
/* End PBXTargetDependency section */

/* Begin PBXVariantGroup section */
		36C8EC242451741800CB20B0 /* Main.storyboard */ = {
			isa = PBXVariantGroup;
			children = (
				36C8EC252451741800CB20B0 /* Base */,
			);
			name = Main.storyboard;
			sourceTree = "<group>";
		};
		36C8EC292451741C00CB20B0 /* LaunchScreen.storyboard */ = {
			isa = PBXVariantGroup;
			children = (
				36C8EC2A2451741C00CB20B0 /* Base */,
			);
			name = LaunchScreen.storyboard;
			sourceTree = "<group>";
		};
/* End PBXVariantGroup section */

/* Begin XCBuildConfiguration section */
		36C8EC452451741C00CB20B0 /* Debug */ = {
			isa = XCBuildConfiguration;
			buildSettings = {
				ALWAYS_SEARCH_USER_PATHS = NO;
				CLANG_ANALYZER_NONNULL = YES;
				CLANG_ANALYZER_NUMBER_OBJECT_CONVERSION = YES_AGGRESSIVE;
				CLANG_CXX_LANGUAGE_STANDARD = "gnu++14";
				CLANG_CXX_LIBRARY = "libc++";
				CLANG_ENABLE_MODULES = YES;
				CLANG_ENABLE_OBJC_ARC = YES;
				CLANG_ENABLE_OBJC_WEAK = YES;
				CLANG_WARN_BLOCK_CAPTURE_AUTORELEASING = YES;
				CLANG_WARN_BOOL_CONVERSION = YES;
				CLANG_WARN_COMMA = YES;
				CLANG_WARN_CONSTANT_CONVERSION = YES;
				CLANG_WARN_DEPRECATED_OBJC_IMPLEMENTATIONS = YES;
				CLANG_WARN_DIRECT_OBJC_ISA_USAGE = YES_ERROR;
				CLANG_WARN_DOCUMENTATION_COMMENTS = YES;
				CLANG_WARN_EMPTY_BODY = YES;
				CLANG_WARN_ENUM_CONVERSION = YES;
				CLANG_WARN_INFINITE_RECURSION = YES;
				CLANG_WARN_INT_CONVERSION = YES;
				CLANG_WARN_NON_LITERAL_NULL_CONVERSION = YES;
				CLANG_WARN_OBJC_IMPLICIT_RETAIN_SELF = YES;
				CLANG_WARN_OBJC_LITERAL_CONVERSION = YES;
				CLANG_WARN_OBJC_ROOT_CLASS = YES_ERROR;
				CLANG_WARN_RANGE_LOOP_ANALYSIS = YES;
				CLANG_WARN_STRICT_PROTOTYPES = YES;
				CLANG_WARN_SUSPICIOUS_MOVE = YES;
				CLANG_WARN_UNGUARDED_AVAILABILITY = YES_AGGRESSIVE;
				CLANG_WARN_UNREACHABLE_CODE = YES;
				CLANG_WARN__DUPLICATE_METHOD_MATCH = YES;
				COPY_PHASE_STRIP = NO;
				DEBUG_INFORMATION_FORMAT = dwarf;
				ENABLE_STRICT_OBJC_MSGSEND = YES;
				ENABLE_TESTABILITY = YES;
				GCC_C_LANGUAGE_STANDARD = gnu11;
				GCC_DYNAMIC_NO_PIC = NO;
				GCC_NO_COMMON_BLOCKS = YES;
				GCC_OPTIMIZATION_LEVEL = 0;
				GCC_PREPROCESSOR_DEFINITIONS = (
					"DEBUG=1",
					"$(inherited)",
				);
				GCC_WARN_64_TO_32_BIT_CONVERSION = YES;
				GCC_WARN_ABOUT_RETURN_TYPE = YES_ERROR;
				GCC_WARN_UNDECLARED_SELECTOR = YES;
				GCC_WARN_UNINITIALIZED_AUTOS = YES_AGGRESSIVE;
				GCC_WARN_UNUSED_FUNCTION = YES;
				GCC_WARN_UNUSED_VARIABLE = YES;
				IPHONEOS_DEPLOYMENT_TARGET = 13.4;
				MTL_ENABLE_DEBUG_INFO = INCLUDE_SOURCE;
				MTL_FAST_MATH = YES;
				ONLY_ACTIVE_ARCH = YES;
				SDKROOT = iphoneos;
			};
			name = Debug;
		};
		36C8EC462451741C00CB20B0 /* Release */ = {
			isa = XCBuildConfiguration;
			buildSettings = {
				ALWAYS_SEARCH_USER_PATHS = NO;
				CLANG_ANALYZER_NONNULL = YES;
				CLANG_ANALYZER_NUMBER_OBJECT_CONVERSION = YES_AGGRESSIVE;
				CLANG_CXX_LANGUAGE_STANDARD = "gnu++14";
				CLANG_CXX_LIBRARY = "libc++";
				CLANG_ENABLE_MODULES = YES;
				CLANG_ENABLE_OBJC_ARC = YES;
				CLANG_ENABLE_OBJC_WEAK = YES;
				CLANG_WARN_BLOCK_CAPTURE_AUTORELEASING = YES;
				CLANG_WARN_BOOL_CONVERSION = YES;
				CLANG_WARN_COMMA = YES;
				CLANG_WARN_CONSTANT_CONVERSION = YES;
				CLANG_WARN_DEPRECATED_OBJC_IMPLEMENTATIONS = YES;
				CLANG_WARN_DIRECT_OBJC_ISA_USAGE = YES_ERROR;
				CLANG_WARN_DOCUMENTATION_COMMENTS = YES;
				CLANG_WARN_EMPTY_BODY = YES;
				CLANG_WARN_ENUM_CONVERSION = YES;
				CLANG_WARN_INFINITE_RECURSION = YES;
				CLANG_WARN_INT_CONVERSION = YES;
				CLANG_WARN_NON_LITERAL_NULL_CONVERSION = YES;
				CLANG_WARN_OBJC_IMPLICIT_RETAIN_SELF = YES;
				CLANG_WARN_OBJC_LITERAL_CONVERSION = YES;
				CLANG_WARN_OBJC_ROOT_CLASS = YES_ERROR;
				CLANG_WARN_RANGE_LOOP_ANALYSIS = YES;
				CLANG_WARN_STRICT_PROTOTYPES = YES;
				CLANG_WARN_SUSPICIOUS_MOVE = YES;
				CLANG_WARN_UNGUARDED_AVAILABILITY = YES_AGGRESSIVE;
				CLANG_WARN_UNREACHABLE_CODE = YES;
				CLANG_WARN__DUPLICATE_METHOD_MATCH = YES;
				COPY_PHASE_STRIP = NO;
				DEBUG_INFORMATION_FORMAT = "dwarf-with-dsym";
				ENABLE_NS_ASSERTIONS = NO;
				ENABLE_STRICT_OBJC_MSGSEND = YES;
				GCC_C_LANGUAGE_STANDARD = gnu11;
				GCC_NO_COMMON_BLOCKS = YES;
				GCC_WARN_64_TO_32_BIT_CONVERSION = YES;
				GCC_WARN_ABOUT_RETURN_TYPE = YES_ERROR;
				GCC_WARN_UNDECLARED_SELECTOR = YES;
				GCC_WARN_UNINITIALIZED_AUTOS = YES_AGGRESSIVE;
				GCC_WARN_UNUSED_FUNCTION = YES;
				GCC_WARN_UNUSED_VARIABLE = YES;
				IPHONEOS_DEPLOYMENT_TARGET = 13.4;
				MTL_ENABLE_DEBUG_INFO = NO;
				MTL_FAST_MATH = YES;
				SDKROOT = iphoneos;
				VALIDATE_PRODUCT = YES;
			};
			name = Release;
		};
		36C8EC482451741C00CB20B0 /* Debug */ = {
			isa = XCBuildConfiguration;
			baseConfigurationReference = F201F5171A0BA77A26D22ABC /* Pods-InvertedDuckling.debug.xcconfig */;
			buildSettings = {
				ASSETCATALOG_COMPILER_APPICON_NAME = AppIcon;
				CODE_SIGN_STYLE = Automatic;
				DEVELOPMENT_TEAM = DXU7P74W58;
				GCC_PREFIX_HEADER = "$(SRCROOT)/PrefixHeader.pch";
				INFOPLIST_FILE = InvertedDuckling/Info.plist;
				IPHONEOS_DEPLOYMENT_TARGET = 10.0;
				LD_RUNPATH_SEARCH_PATHS = (
					"$(inherited)",
					"@executable_path/Frameworks",
				);
				PRODUCT_BUNDLE_IDENTIFIER = com.donbe.InvertedDuckling;
				PRODUCT_NAME = "$(TARGET_NAME)";
				TARGETED_DEVICE_FAMILY = "1,2";
			};
			name = Debug;
		};
		36C8EC492451741C00CB20B0 /* Release */ = {
			isa = XCBuildConfiguration;
			baseConfigurationReference = 79BE51A013E64CE732927D13 /* Pods-InvertedDuckling.release.xcconfig */;
			buildSettings = {
				ASSETCATALOG_COMPILER_APPICON_NAME = AppIcon;
				CODE_SIGN_STYLE = Automatic;
				DEVELOPMENT_TEAM = DXU7P74W58;
				GCC_PREFIX_HEADER = "$(SRCROOT)/PrefixHeader.pch";
				INFOPLIST_FILE = InvertedDuckling/Info.plist;
				IPHONEOS_DEPLOYMENT_TARGET = 10.0;
				LD_RUNPATH_SEARCH_PATHS = (
					"$(inherited)",
					"@executable_path/Frameworks",
				);
				PRODUCT_BUNDLE_IDENTIFIER = com.donbe.InvertedDuckling;
				PRODUCT_NAME = "$(TARGET_NAME)";
				TARGETED_DEVICE_FAMILY = "1,2";
			};
			name = Release;
		};
		36C8EC4B2451741C00CB20B0 /* Debug */ = {
			isa = XCBuildConfiguration;
			baseConfigurationReference = D68DFA6978EE5BEBFB7E6D04 /* Pods-InvertedDucklingTests.debug.xcconfig */;
			buildSettings = {
				BUNDLE_LOADER = "$(TEST_HOST)";
				CODE_SIGN_STYLE = Automatic;
				DEVELOPMENT_TEAM = DXU7P74W58;
				INFOPLIST_FILE = InvertedDucklingTests/Info.plist;
				IPHONEOS_DEPLOYMENT_TARGET = 13.4;
				LD_RUNPATH_SEARCH_PATHS = (
					"$(inherited)",
					"@executable_path/Frameworks",
					"@loader_path/Frameworks",
				);
				PRODUCT_BUNDLE_IDENTIFIER = com.donbe.InvertedDucklingTests;
				PRODUCT_NAME = "$(TARGET_NAME)";
				TARGETED_DEVICE_FAMILY = "1,2";
				TEST_HOST = "$(BUILT_PRODUCTS_DIR)/InvertedDuckling.app/InvertedDuckling";
			};
			name = Debug;
		};
		36C8EC4C2451741C00CB20B0 /* Release */ = {
			isa = XCBuildConfiguration;
			baseConfigurationReference = 626C6287F428503D534BD9A6 /* Pods-InvertedDucklingTests.release.xcconfig */;
			buildSettings = {
				BUNDLE_LOADER = "$(TEST_HOST)";
				CODE_SIGN_STYLE = Automatic;
				DEVELOPMENT_TEAM = DXU7P74W58;
				INFOPLIST_FILE = InvertedDucklingTests/Info.plist;
				IPHONEOS_DEPLOYMENT_TARGET = 13.4;
				LD_RUNPATH_SEARCH_PATHS = (
					"$(inherited)",
					"@executable_path/Frameworks",
					"@loader_path/Frameworks",
				);
				PRODUCT_BUNDLE_IDENTIFIER = com.donbe.InvertedDucklingTests;
				PRODUCT_NAME = "$(TARGET_NAME)";
				TARGETED_DEVICE_FAMILY = "1,2";
				TEST_HOST = "$(BUILT_PRODUCTS_DIR)/InvertedDuckling.app/InvertedDuckling";
			};
			name = Release;
		};
		36C8EC4E2451741C00CB20B0 /* Debug */ = {
			isa = XCBuildConfiguration;
			baseConfigurationReference = 0AB9E534684CB520E4F6DA00 /* Pods-InvertedDuckling-InvertedDucklingUITests.debug.xcconfig */;
			buildSettings = {
				CODE_SIGN_STYLE = Automatic;
				DEVELOPMENT_TEAM = DXU7P74W58;
				INFOPLIST_FILE = InvertedDucklingUITests/Info.plist;
				LD_RUNPATH_SEARCH_PATHS = (
					"$(inherited)",
					"@executable_path/Frameworks",
					"@loader_path/Frameworks",
				);
				PRODUCT_BUNDLE_IDENTIFIER = com.donbe.InvertedDucklingUITests;
				PRODUCT_NAME = "$(TARGET_NAME)";
				TARGETED_DEVICE_FAMILY = "1,2";
				TEST_TARGET_NAME = InvertedDuckling;
			};
			name = Debug;
		};
		36C8EC4F2451741C00CB20B0 /* Release */ = {
			isa = XCBuildConfiguration;
			baseConfigurationReference = 6265E0BFC227FFA211C91716 /* Pods-InvertedDuckling-InvertedDucklingUITests.release.xcconfig */;
			buildSettings = {
				CODE_SIGN_STYLE = Automatic;
				DEVELOPMENT_TEAM = DXU7P74W58;
				INFOPLIST_FILE = InvertedDucklingUITests/Info.plist;
				LD_RUNPATH_SEARCH_PATHS = (
					"$(inherited)",
					"@executable_path/Frameworks",
					"@loader_path/Frameworks",
				);
				PRODUCT_BUNDLE_IDENTIFIER = com.donbe.InvertedDucklingUITests;
				PRODUCT_NAME = "$(TARGET_NAME)";
				TARGETED_DEVICE_FAMILY = "1,2";
				TEST_TARGET_NAME = InvertedDuckling;
			};
			name = Release;
		};
/* End XCBuildConfiguration section */

/* Begin XCConfigurationList section */
		36C8EC132451741800CB20B0 /* Build configuration list for PBXProject "InvertedDuckling" */ = {
			isa = XCConfigurationList;
			buildConfigurations = (
				36C8EC452451741C00CB20B0 /* Debug */,
				36C8EC462451741C00CB20B0 /* Release */,
			);
			defaultConfigurationIsVisible = 0;
			defaultConfigurationName = Release;
		};
		36C8EC472451741C00CB20B0 /* Build configuration list for PBXNativeTarget "InvertedDuckling" */ = {
			isa = XCConfigurationList;
			buildConfigurations = (
				36C8EC482451741C00CB20B0 /* Debug */,
				36C8EC492451741C00CB20B0 /* Release */,
			);
			defaultConfigurationIsVisible = 0;
			defaultConfigurationName = Release;
		};
		36C8EC4A2451741C00CB20B0 /* Build configuration list for PBXNativeTarget "InvertedDucklingTests" */ = {
			isa = XCConfigurationList;
			buildConfigurations = (
				36C8EC4B2451741C00CB20B0 /* Debug */,
				36C8EC4C2451741C00CB20B0 /* Release */,
			);
			defaultConfigurationIsVisible = 0;
			defaultConfigurationName = Release;
		};
		36C8EC4D2451741C00CB20B0 /* Build configuration list for PBXNativeTarget "InvertedDucklingUITests" */ = {
			isa = XCConfigurationList;
			buildConfigurations = (
				36C8EC4E2451741C00CB20B0 /* Debug */,
				36C8EC4F2451741C00CB20B0 /* Release */,
			);
			defaultConfigurationIsVisible = 0;
			defaultConfigurationName = Release;
		};
/* End XCConfigurationList section */
	};
	rootObject = 36C8EC102451741800CB20B0 /* Project object */;
}
